// !$*UTF8*$!
{
	archiveVersion = 1;
	classes = {
	};
	objectVersion = 56;
	objects = {

/* Begin PBXBuildFile section */
		778169682B90181100AA2B9A /* StarsListView.swift in Sources */ = {isa = PBXBuildFile; fileRef = 778169672B90181100AA2B9A /* StarsListView.swift */; };
		7781696A2B9018B500AA2B9A /* StarsListViewModel.swift in Sources */ = {isa = PBXBuildFile; fileRef = 778169692B9018B500AA2B9A /* StarsListViewModel.swift */; };
		778CE0012B868D0E008DF74C /* MoviesListView.swift in Sources */ = {isa = PBXBuildFile; fileRef = 778CE0002B868D0E008DF74C /* MoviesListView.swift */; };
		778CE0032B868E6D008DF74C /* MoviesGridView.swift in Sources */ = {isa = PBXBuildFile; fileRef = 778CE0022B868E6D008DF74C /* MoviesGridView.swift */; };
		778CE0052B86CE7B008DF74C /* MainView.swift in Sources */ = {isa = PBXBuildFile; fileRef = 778CE0042B86CE7B008DF74C /* MainView.swift */; };
		778CE0072B86DB1B008DF74C /* SettingsView.swift in Sources */ = {isa = PBXBuildFile; fileRef = 778CE0062B86DB1B008DF74C /* SettingsView.swift */; };
		778CE00A2B86F97A008DF74C /* Appearance.swift in Sources */ = {isa = PBXBuildFile; fileRef = 778CE0092B86F97A008DF74C /* Appearance.swift */; };
		778CE00C2B86FC8C008DF74C /* MoviesViewStyle.swift in Sources */ = {isa = PBXBuildFile; fileRef = 778CE00B2B86FC8C008DF74C /* MoviesViewStyle.swift */; };
		778CE00E2B87158B008DF74C /* FilterOptionsView.swift in Sources */ = {isa = PBXBuildFile; fileRef = 778CE00D2B87158B008DF74C /* FilterOptionsView.swift */; };
		778CE0112B8719C9008DF74C /* FilterOptionView.swift in Sources */ = {isa = PBXBuildFile; fileRef = 778CE0102B8719C9008DF74C /* FilterOptionView.swift */; };
		778CE0142B871C31008DF74C /* DirectorsListView.swift in Sources */ = {isa = PBXBuildFile; fileRef = 778CE0132B871C31008DF74C /* DirectorsListView.swift */; };
		778CE0162B871CB7008DF74C /* GenresListView.swift in Sources */ = {isa = PBXBuildFile; fileRef = 778CE0152B871CB7008DF74C /* GenresListView.swift */; };
		779E31A42B941AB300644A72 /* WritersListView.swift in Sources */ = {isa = PBXBuildFile; fileRef = 779E31A32B941AB300644A72 /* WritersListView.swift */; };
		779E31A72B941AFD00644A72 /* WritersListViewModel.swift in Sources */ = {isa = PBXBuildFile; fileRef = 779E31A62B941AFD00644A72 /* WritersListViewModel.swift */; };
		77AB74852B8F051100FC9A5F /* FilterOptionsHandler.swift in Sources */ = {isa = PBXBuildFile; fileRef = 77AB74842B8F051100FC9A5F /* FilterOptionsHandler.swift */; };
		77D176172B886678000CC8DB /* GenresListViewModel.swift in Sources */ = {isa = PBXBuildFile; fileRef = 77D176162B886678000CC8DB /* GenresListViewModel.swift */; };
		77D5C3212B8E97A300A142A4 /* DirectorsListViewModel.swift in Sources */ = {isa = PBXBuildFile; fileRef = 77D5C3202B8E97A300A142A4 /* DirectorsListViewModel.swift */; };
		77E2D1852B857ECB00E996E4 /* CineDexApp.swift in Sources */ = {isa = PBXBuildFile; fileRef = 77E2D1842B857ECB00E996E4 /* CineDexApp.swift */; };
		77E2D1872B857ECB00E996E4 /* MoviesView.swift in Sources */ = {isa = PBXBuildFile; fileRef = 77E2D1862B857ECB00E996E4 /* MoviesView.swift */; };
		77E2D1892B857ECD00E996E4 /* Assets.xcassets in Resources */ = {isa = PBXBuildFile; fileRef = 77E2D1882B857ECD00E996E4 /* Assets.xcassets */; };
		77E2D18C2B857ECD00E996E4 /* Preview Assets.xcassets in Resources */ = {isa = PBXBuildFile; fileRef = 77E2D18B2B857ECD00E996E4 /* Preview Assets.xcassets */; };
		77E2D18E2B857ECD00E996E4 /* Persistence.swift in Sources */ = {isa = PBXBuildFile; fileRef = 77E2D18D2B857ECD00E996E4 /* Persistence.swift */; };
		77E2D1912B857ECD00E996E4 /* CineDex.xcdatamodeld in Sources */ = {isa = PBXBuildFile; fileRef = 77E2D18F2B857ECD00E996E4 /* CineDex.xcdatamodeld */; };
		77E2D19B2B857ECE00E996E4 /* CineDexTests.swift in Sources */ = {isa = PBXBuildFile; fileRef = 77E2D19A2B857ECE00E996E4 /* CineDexTests.swift */; };
		77E2D1A52B857ECE00E996E4 /* CineDexUITests.swift in Sources */ = {isa = PBXBuildFile; fileRef = 77E2D1A42B857ECE00E996E4 /* CineDexUITests.swift */; };
		77E2D1A72B857ECE00E996E4 /* CineDexUITestsLaunchTests.swift in Sources */ = {isa = PBXBuildFile; fileRef = 77E2D1A62B857ECE00E996E4 /* CineDexUITestsLaunchTests.swift */; };
		77E2D1B42B857F2000E996E4 /* APIFetchHandler.swift in Sources */ = {isa = PBXBuildFile; fileRef = 77E2D1B32B857F2000E996E4 /* APIFetchHandler.swift */; };
		77E2D1B72B857F3100E996E4 /* Alamofire in Frameworks */ = {isa = PBXBuildFile; productRef = 77E2D1B62B857F3100E996E4 /* Alamofire */; };
		77E2D1F42B85A90800E996E4 /* MovieDetailView.swift in Sources */ = {isa = PBXBuildFile; fileRef = 77E2D1F32B85A90800E996E4 /* MovieDetailView.swift */; };
		77E2D1F62B85B34D00E996E4 /* MoviesViewModel.swift in Sources */ = {isa = PBXBuildFile; fileRef = 77E2D1F52B85B34D00E996E4 /* MoviesViewModel.swift */; };
		77E2D1F82B85C87700E996E4 /* MovieDetailViewModel.swift in Sources */ = {isa = PBXBuildFile; fileRef = 77E2D1F72B85C87700E996E4 /* MovieDetailViewModel.swift */; };
/* End PBXBuildFile section */

/* Begin PBXContainerItemProxy section */
		77E2D1972B857ECE00E996E4 /* PBXContainerItemProxy */ = {
			isa = PBXContainerItemProxy;
			containerPortal = 77E2D1792B857ECA00E996E4 /* Project object */;
			proxyType = 1;
			remoteGlobalIDString = 77E2D1802B857ECB00E996E4;
			remoteInfo = CineDex;
		};
		77E2D1A12B857ECE00E996E4 /* PBXContainerItemProxy */ = {
			isa = PBXContainerItemProxy;
			containerPortal = 77E2D1792B857ECA00E996E4 /* Project object */;
			proxyType = 1;
			remoteGlobalIDString = 77E2D1802B857ECB00E996E4;
			remoteInfo = CineDex;
		};
/* End PBXContainerItemProxy section */

/* Begin PBXFileReference section */
		778169672B90181100AA2B9A /* StarsListView.swift */ = {isa = PBXFileReference; lastKnownFileType = sourcecode.swift; path = StarsListView.swift; sourceTree = "<group>"; };
		778169692B9018B500AA2B9A /* StarsListViewModel.swift */ = {isa = PBXFileReference; lastKnownFileType = sourcecode.swift; path = StarsListViewModel.swift; sourceTree = "<group>"; };
		778CE0002B868D0E008DF74C /* MoviesListView.swift */ = {isa = PBXFileReference; lastKnownFileType = sourcecode.swift; path = MoviesListView.swift; sourceTree = "<group>"; };
		778CE0022B868E6D008DF74C /* MoviesGridView.swift */ = {isa = PBXFileReference; lastKnownFileType = sourcecode.swift; path = MoviesGridView.swift; sourceTree = "<group>"; };
		778CE0042B86CE7B008DF74C /* MainView.swift */ = {isa = PBXFileReference; lastKnownFileType = sourcecode.swift; path = MainView.swift; sourceTree = "<group>"; };
		778CE0062B86DB1B008DF74C /* SettingsView.swift */ = {isa = PBXFileReference; lastKnownFileType = sourcecode.swift; path = SettingsView.swift; sourceTree = "<group>"; };
		778CE0092B86F97A008DF74C /* Appearance.swift */ = {isa = PBXFileReference; lastKnownFileType = sourcecode.swift; path = Appearance.swift; sourceTree = "<group>"; };
		778CE00B2B86FC8C008DF74C /* MoviesViewStyle.swift */ = {isa = PBXFileReference; lastKnownFileType = sourcecode.swift; path = MoviesViewStyle.swift; sourceTree = "<group>"; };
		778CE00D2B87158B008DF74C /* FilterOptionsView.swift */ = {isa = PBXFileReference; lastKnownFileType = sourcecode.swift; path = FilterOptionsView.swift; sourceTree = "<group>"; };
		778CE0102B8719C9008DF74C /* FilterOptionView.swift */ = {isa = PBXFileReference; lastKnownFileType = sourcecode.swift; path = FilterOptionView.swift; sourceTree = "<group>"; };
		778CE0132B871C31008DF74C /* DirectorsListView.swift */ = {isa = PBXFileReference; lastKnownFileType = sourcecode.swift; path = DirectorsListView.swift; sourceTree = "<group>"; };
		778CE0152B871CB7008DF74C /* GenresListView.swift */ = {isa = PBXFileReference; lastKnownFileType = sourcecode.swift; path = GenresListView.swift; sourceTree = "<group>"; };
		779E31A32B941AB300644A72 /* WritersListView.swift */ = {isa = PBXFileReference; lastKnownFileType = sourcecode.swift; path = WritersListView.swift; sourceTree = "<group>"; };
		779E31A62B941AFD00644A72 /* WritersListViewModel.swift */ = {isa = PBXFileReference; lastKnownFileType = sourcecode.swift; path = WritersListViewModel.swift; sourceTree = "<group>"; };
		77AB74842B8F051100FC9A5F /* FilterOptionsHandler.swift */ = {isa = PBXFileReference; lastKnownFileType = sourcecode.swift; path = FilterOptionsHandler.swift; sourceTree = "<group>"; };
		77D176162B886678000CC8DB /* GenresListViewModel.swift */ = {isa = PBXFileReference; lastKnownFileType = sourcecode.swift; path = GenresListViewModel.swift; sourceTree = "<group>"; };
		77D5C3202B8E97A300A142A4 /* DirectorsListViewModel.swift */ = {isa = PBXFileReference; lastKnownFileType = sourcecode.swift; path = DirectorsListViewModel.swift; sourceTree = "<group>"; };
		77E2D1812B857ECB00E996E4 /* CineDex.app */ = {isa = PBXFileReference; explicitFileType = wrapper.application; includeInIndex = 0; path = CineDex.app; sourceTree = BUILT_PRODUCTS_DIR; };
		77E2D1842B857ECB00E996E4 /* CineDexApp.swift */ = {isa = PBXFileReference; lastKnownFileType = sourcecode.swift; path = CineDexApp.swift; sourceTree = "<group>"; };
		77E2D1862B857ECB00E996E4 /* MoviesView.swift */ = {isa = PBXFileReference; lastKnownFileType = sourcecode.swift; path = MoviesView.swift; sourceTree = "<group>"; };
		77E2D1882B857ECD00E996E4 /* Assets.xcassets */ = {isa = PBXFileReference; lastKnownFileType = folder.assetcatalog; path = Assets.xcassets; sourceTree = "<group>"; };
		77E2D18B2B857ECD00E996E4 /* Preview Assets.xcassets */ = {isa = PBXFileReference; lastKnownFileType = folder.assetcatalog; path = "Preview Assets.xcassets"; sourceTree = "<group>"; };
		77E2D18D2B857ECD00E996E4 /* Persistence.swift */ = {isa = PBXFileReference; lastKnownFileType = sourcecode.swift; path = Persistence.swift; sourceTree = "<group>"; };
		77E2D1902B857ECD00E996E4 /* CineDex.xcdatamodel */ = {isa = PBXFileReference; lastKnownFileType = wrapper.xcdatamodel; path = CineDex.xcdatamodel; sourceTree = "<group>"; };
		77E2D1962B857ECE00E996E4 /* CineDexTests.xctest */ = {isa = PBXFileReference; explicitFileType = wrapper.cfbundle; includeInIndex = 0; path = CineDexTests.xctest; sourceTree = BUILT_PRODUCTS_DIR; };
		77E2D19A2B857ECE00E996E4 /* CineDexTests.swift */ = {isa = PBXFileReference; lastKnownFileType = sourcecode.swift; path = CineDexTests.swift; sourceTree = "<group>"; };
		77E2D1A02B857ECE00E996E4 /* CineDexUITests.xctest */ = {isa = PBXFileReference; explicitFileType = wrapper.cfbundle; includeInIndex = 0; path = CineDexUITests.xctest; sourceTree = BUILT_PRODUCTS_DIR; };
		77E2D1A42B857ECE00E996E4 /* CineDexUITests.swift */ = {isa = PBXFileReference; lastKnownFileType = sourcecode.swift; path = CineDexUITests.swift; sourceTree = "<group>"; };
		77E2D1A62B857ECE00E996E4 /* CineDexUITestsLaunchTests.swift */ = {isa = PBXFileReference; lastKnownFileType = sourcecode.swift; path = CineDexUITestsLaunchTests.swift; sourceTree = "<group>"; };
		77E2D1B32B857F2000E996E4 /* APIFetchHandler.swift */ = {isa = PBXFileReference; lastKnownFileType = sourcecode.swift; path = APIFetchHandler.swift; sourceTree = "<group>"; };
		77E2D1F32B85A90800E996E4 /* MovieDetailView.swift */ = {isa = PBXFileReference; lastKnownFileType = sourcecode.swift; path = MovieDetailView.swift; sourceTree = "<group>"; };
		77E2D1F52B85B34D00E996E4 /* MoviesViewModel.swift */ = {isa = PBXFileReference; lastKnownFileType = sourcecode.swift; path = MoviesViewModel.swift; sourceTree = "<group>"; };
		77E2D1F72B85C87700E996E4 /* MovieDetailViewModel.swift */ = {isa = PBXFileReference; lastKnownFileType = sourcecode.swift; path = MovieDetailViewModel.swift; sourceTree = "<group>"; };
/* End PBXFileReference section */

/* Begin PBXFrameworksBuildPhase section */
		77E2D17E2B857ECB00E996E4 /* Frameworks */ = {
			isa = PBXFrameworksBuildPhase;
			buildActionMask = 2147483647;
			files = (
				77E2D1B72B857F3100E996E4 /* Alamofire in Frameworks */,
			);
			runOnlyForDeploymentPostprocessing = 0;
		};
		77E2D1932B857ECE00E996E4 /* Frameworks */ = {
			isa = PBXFrameworksBuildPhase;
			buildActionMask = 2147483647;
			files = (
			);
			runOnlyForDeploymentPostprocessing = 0;
		};
		77E2D19D2B857ECE00E996E4 /* Frameworks */ = {
			isa = PBXFrameworksBuildPhase;
			buildActionMask = 2147483647;
			files = (
			);
			runOnlyForDeploymentPostprocessing = 0;
		};
/* End PBXFrameworksBuildPhase section */

/* Begin PBXGroup section */
		778169662B9017F900AA2B9A /* Stars */ = {
			isa = PBXGroup;
			children = (
				778169672B90181100AA2B9A /* StarsListView.swift */,
				778169692B9018B500AA2B9A /* StarsListViewModel.swift */,
			);
			path = Stars;
			sourceTree = "<group>";
		};
		778CE0082B86F96C008DF74C /* Utils */ = {
			isa = PBXGroup;
			children = (
				778CE0092B86F97A008DF74C /* Appearance.swift */,
				778CE00B2B86FC8C008DF74C /* MoviesViewStyle.swift */,
			);
			path = Utils;
			sourceTree = "<group>";
		};
		778CE00F2B8719B6008DF74C /* Filter */ = {
			isa = PBXGroup;
			children = (
				77AB74842B8F051100FC9A5F /* FilterOptionsHandler.swift */,
				778CE00D2B87158B008DF74C /* FilterOptionsView.swift */,
				778CE0102B8719C9008DF74C /* FilterOptionView.swift */,
				778CE0122B871C19008DF74C /* Subviews */,
			);
			path = Filter;
			sourceTree = "<group>";
		};
		778CE0122B871C19008DF74C /* Subviews */ = {
			isa = PBXGroup;
			children = (
				778169662B9017F900AA2B9A /* Stars */,
				77D5C31F2B8E974300A142A4 /* Directors */,
				77D5C31E2B8E973600A142A4 /* Genres */,
				779E31A52B941ABD00644A72 /* Writers */,
			);
			path = Subviews;
			sourceTree = "<group>";
		};
		779E31A52B941ABD00644A72 /* Writers */ = {
			isa = PBXGroup;
			children = (
				779E31A32B941AB300644A72 /* WritersListView.swift */,
				779E31A62B941AFD00644A72 /* WritersListViewModel.swift */,
			);
			path = Writers;
			sourceTree = "<group>";
		};
		77D5C31E2B8E973600A142A4 /* Genres */ = {
			isa = PBXGroup;
			children = (
				778CE0152B871CB7008DF74C /* GenresListView.swift */,
				77D176162B886678000CC8DB /* GenresListViewModel.swift */,
			);
			path = Genres;
			sourceTree = "<group>";
		};
		77D5C31F2B8E974300A142A4 /* Directors */ = {
			isa = PBXGroup;
			children = (
				778CE0132B871C31008DF74C /* DirectorsListView.swift */,
				77D5C3202B8E97A300A142A4 /* DirectorsListViewModel.swift */,
			);
			path = Directors;
			sourceTree = "<group>";
		};
		77E2D1782B857ECA00E996E4 = {
			isa = PBXGroup;
			children = (
				77E2D1832B857ECB00E996E4 /* CineDex */,
				77E2D1992B857ECE00E996E4 /* CineDexTests */,
				77E2D1A32B857ECE00E996E4 /* CineDexUITests */,
				77E2D1822B857ECB00E996E4 /* Products */,
			);
			sourceTree = "<group>";
		};
		77E2D1822B857ECB00E996E4 /* Products */ = {
			isa = PBXGroup;
			children = (
				77E2D1812B857ECB00E996E4 /* CineDex.app */,
				77E2D1962B857ECE00E996E4 /* CineDexTests.xctest */,
				77E2D1A02B857ECE00E996E4 /* CineDexUITests.xctest */,
			);
			name = Products;
			sourceTree = "<group>";
		};
		77E2D1832B857ECB00E996E4 /* CineDex */ = {
			isa = PBXGroup;
			children = (
				778CE00F2B8719B6008DF74C /* Filter */,
				778CE0082B86F96C008DF74C /* Utils */,
				77E2D1842B857ECB00E996E4 /* CineDexApp.swift */,
				778CE0002B868D0E008DF74C /* MoviesListView.swift */,
				778CE0022B868E6D008DF74C /* MoviesGridView.swift */,
				77E2D1862B857ECB00E996E4 /* MoviesView.swift */,
				77E2D1F52B85B34D00E996E4 /* MoviesViewModel.swift */,
				77E2D18D2B857ECD00E996E4 /* Persistence.swift */,
				77E2D1B32B857F2000E996E4 /* APIFetchHandler.swift */,
				77E2D1F32B85A90800E996E4 /* MovieDetailView.swift */,
				77E2D1F72B85C87700E996E4 /* MovieDetailViewModel.swift */,
				778CE0042B86CE7B008DF74C /* MainView.swift */,
				778CE0062B86DB1B008DF74C /* SettingsView.swift */,
				77E2D1882B857ECD00E996E4 /* Assets.xcassets */,
				77E2D18F2B857ECD00E996E4 /* CineDex.xcdatamodeld */,
				77E2D18A2B857ECD00E996E4 /* Preview Content */,
			);
			path = CineDex;
			sourceTree = "<group>";
		};
		77E2D18A2B857ECD00E996E4 /* Preview Content */ = {
			isa = PBXGroup;
			children = (
				77E2D18B2B857ECD00E996E4 /* Preview Assets.xcassets */,
			);
			path = "Preview Content";
			sourceTree = "<group>";
		};
		77E2D1992B857ECE00E996E4 /* CineDexTests */ = {
			isa = PBXGroup;
			children = (
				77E2D19A2B857ECE00E996E4 /* CineDexTests.swift */,
			);
			path = CineDexTests;
			sourceTree = "<group>";
		};
		77E2D1A32B857ECE00E996E4 /* CineDexUITests */ = {
			isa = PBXGroup;
			children = (
				77E2D1A42B857ECE00E996E4 /* CineDexUITests.swift */,
				77E2D1A62B857ECE00E996E4 /* CineDexUITestsLaunchTests.swift */,
			);
			path = CineDexUITests;
			sourceTree = "<group>";
		};
/* End PBXGroup section */

/* Begin PBXNativeTarget section */
		77E2D1802B857ECB00E996E4 /* CineDex */ = {
			isa = PBXNativeTarget;
			buildConfigurationList = 77E2D1AA2B857ECE00E996E4 /* Build configuration list for PBXNativeTarget "CineDex" */;
			buildPhases = (
				77E2D17D2B857ECB00E996E4 /* Sources */,
				77E2D17E2B857ECB00E996E4 /* Frameworks */,
				77E2D17F2B857ECB00E996E4 /* Resources */,
			);
			buildRules = (
			);
			dependencies = (
			);
			name = CineDex;
			packageProductDependencies = (
				77E2D1B62B857F3100E996E4 /* Alamofire */,
			);
			productName = CineDex;
			productReference = 77E2D1812B857ECB00E996E4 /* CineDex.app */;
			productType = "com.apple.product-type.application";
		};
		77E2D1952B857ECE00E996E4 /* CineDexTests */ = {
			isa = PBXNativeTarget;
			buildConfigurationList = 77E2D1AD2B857ECE00E996E4 /* Build configuration list for PBXNativeTarget "CineDexTests" */;
			buildPhases = (
				77E2D1922B857ECE00E996E4 /* Sources */,
				77E2D1932B857ECE00E996E4 /* Frameworks */,
				77E2D1942B857ECE00E996E4 /* Resources */,
			);
			buildRules = (
			);
			dependencies = (
				77E2D1982B857ECE00E996E4 /* PBXTargetDependency */,
			);
			name = CineDexTests;
			productName = CineDexTests;
			productReference = 77E2D1962B857ECE00E996E4 /* CineDexTests.xctest */;
			productType = "com.apple.product-type.bundle.unit-test";
		};
		77E2D19F2B857ECE00E996E4 /* CineDexUITests */ = {
			isa = PBXNativeTarget;
			buildConfigurationList = 77E2D1B02B857ECE00E996E4 /* Build configuration list for PBXNativeTarget "CineDexUITests" */;
			buildPhases = (
				77E2D19C2B857ECE00E996E4 /* Sources */,
				77E2D19D2B857ECE00E996E4 /* Frameworks */,
				77E2D19E2B857ECE00E996E4 /* Resources */,
			);
			buildRules = (
			);
			dependencies = (
				77E2D1A22B857ECE00E996E4 /* PBXTargetDependency */,
			);
			name = CineDexUITests;
			productName = CineDexUITests;
			productReference = 77E2D1A02B857ECE00E996E4 /* CineDexUITests.xctest */;
			productType = "com.apple.product-type.bundle.ui-testing";
		};
/* End PBXNativeTarget section */

/* Begin PBXProject section */
		77E2D1792B857ECA00E996E4 /* Project object */ = {
			isa = PBXProject;
			attributes = {
				BuildIndependentTargetsInParallel = 1;
				LastSwiftUpdateCheck = 1520;
				LastUpgradeCheck = 1520;
				TargetAttributes = {
					77E2D1802B857ECB00E996E4 = {
						CreatedOnToolsVersion = 15.2;
					};
					77E2D1952B857ECE00E996E4 = {
						CreatedOnToolsVersion = 15.2;
						TestTargetID = 77E2D1802B857ECB00E996E4;
					};
					77E2D19F2B857ECE00E996E4 = {
						CreatedOnToolsVersion = 15.2;
						TestTargetID = 77E2D1802B857ECB00E996E4;
					};
				};
			};
			buildConfigurationList = 77E2D17C2B857ECA00E996E4 /* Build configuration list for PBXProject "CineDex" */;
			compatibilityVersion = "Xcode 14.0";
			developmentRegion = en;
			hasScannedForEncodings = 0;
			knownRegions = (
				en,
				Base,
			);
			mainGroup = 77E2D1782B857ECA00E996E4;
			packageReferences = (
				77E2D1B52B857F3100E996E4 /* XCRemoteSwiftPackageReference "Alamofire" */,
			);
			productRefGroup = 77E2D1822B857ECB00E996E4 /* Products */;
			projectDirPath = "";
			projectRoot = "";
			targets = (
				77E2D1802B857ECB00E996E4 /* CineDex */,
				77E2D1952B857ECE00E996E4 /* CineDexTests */,
				77E2D19F2B857ECE00E996E4 /* CineDexUITests */,
			);
		};
/* End PBXProject section */

/* Begin PBXResourcesBuildPhase section */
		77E2D17F2B857ECB00E996E4 /* Resources */ = {
			isa = PBXResourcesBuildPhase;
			buildActionMask = 2147483647;
			files = (
				77E2D18C2B857ECD00E996E4 /* Preview Assets.xcassets in Resources */,
				77E2D1892B857ECD00E996E4 /* Assets.xcassets in Resources */,
			);
			runOnlyForDeploymentPostprocessing = 0;
		};
		77E2D1942B857ECE00E996E4 /* Resources */ = {
			isa = PBXResourcesBuildPhase;
			buildActionMask = 2147483647;
			files = (
			);
			runOnlyForDeploymentPostprocessing = 0;
		};
		77E2D19E2B857ECE00E996E4 /* Resources */ = {
			isa = PBXResourcesBuildPhase;
			buildActionMask = 2147483647;
			files = (
			);
			runOnlyForDeploymentPostprocessing = 0;
		};
/* End PBXResourcesBuildPhase section */

/* Begin PBXSourcesBuildPhase section */
		77E2D17D2B857ECB00E996E4 /* Sources */ = {
			isa = PBXSourcesBuildPhase;
			buildActionMask = 2147483647;
			files = (
				778CE0112B8719C9008DF74C /* FilterOptionView.swift in Sources */,
				778CE0012B868D0E008DF74C /* MoviesListView.swift in Sources */,
				77E2D1F42B85A90800E996E4 /* MovieDetailView.swift in Sources */,
				77E2D1912B857ECD00E996E4 /* CineDex.xcdatamodeld in Sources */,
				77AB74852B8F051100FC9A5F /* FilterOptionsHandler.swift in Sources */,
				77D176172B886678000CC8DB /* GenresListViewModel.swift in Sources */,
				77E2D1B42B857F2000E996E4 /* APIFetchHandler.swift in Sources */,
				77D5C3212B8E97A300A142A4 /* DirectorsListViewModel.swift in Sources */,
				779E31A72B941AFD00644A72 /* WritersListViewModel.swift in Sources */,
				779E31A42B941AB300644A72 /* WritersListView.swift in Sources */,
				778169682B90181100AA2B9A /* StarsListView.swift in Sources */,
				778CE00A2B86F97A008DF74C /* Appearance.swift in Sources */,
				77E2D18E2B857ECD00E996E4 /* Persistence.swift in Sources */,
				778CE0032B868E6D008DF74C /* MoviesGridView.swift in Sources */,
				778CE0162B871CB7008DF74C /* GenresListView.swift in Sources */,
				778CE00C2B86FC8C008DF74C /* MoviesViewStyle.swift in Sources */,
				77E2D1F82B85C87700E996E4 /* MovieDetailViewModel.swift in Sources */,
				778CE0142B871C31008DF74C /* DirectorsListView.swift in Sources */,
				778CE0052B86CE7B008DF74C /* MainView.swift in Sources */,
				7781696A2B9018B500AA2B9A /* StarsListViewModel.swift in Sources */,
				77E2D1F62B85B34D00E996E4 /* MoviesViewModel.swift in Sources */,
				778CE00E2B87158B008DF74C /* FilterOptionsView.swift in Sources */,
				778CE0072B86DB1B008DF74C /* SettingsView.swift in Sources */,
				77E2D1872B857ECB00E996E4 /* MoviesView.swift in Sources */,
				77E2D1852B857ECB00E996E4 /* CineDexApp.swift in Sources */,
			);
			runOnlyForDeploymentPostprocessing = 0;
		};
		77E2D1922B857ECE00E996E4 /* Sources */ = {
			isa = PBXSourcesBuildPhase;
			buildActionMask = 2147483647;
			files = (
				77E2D19B2B857ECE00E996E4 /* CineDexTests.swift in Sources */,
			);
			runOnlyForDeploymentPostprocessing = 0;
		};
		77E2D19C2B857ECE00E996E4 /* Sources */ = {
			isa = PBXSourcesBuildPhase;
			buildActionMask = 2147483647;
			files = (
				77E2D1A52B857ECE00E996E4 /* CineDexUITests.swift in Sources */,
				77E2D1A72B857ECE00E996E4 /* CineDexUITestsLaunchTests.swift in Sources */,
			);
			runOnlyForDeploymentPostprocessing = 0;
		};
/* End PBXSourcesBuildPhase section */

/* Begin PBXTargetDependency section */
		77E2D1982B857ECE00E996E4 /* PBXTargetDependency */ = {
			isa = PBXTargetDependency;
			target = 77E2D1802B857ECB00E996E4 /* CineDex */;
			targetProxy = 77E2D1972B857ECE00E996E4 /* PBXContainerItemProxy */;
		};
		77E2D1A22B857ECE00E996E4 /* PBXTargetDependency */ = {
			isa = PBXTargetDependency;
			target = 77E2D1802B857ECB00E996E4 /* CineDex */;
			targetProxy = 77E2D1A12B857ECE00E996E4 /* PBXContainerItemProxy */;
		};
/* End PBXTargetDependency section */

/* Begin XCBuildConfiguration section */
		77E2D1A82B857ECE00E996E4 /* Debug */ = {
			isa = XCBuildConfiguration;
			buildSettings = {
				ALWAYS_SEARCH_USER_PATHS = NO;
				ASSETCATALOG_COMPILER_GENERATE_SWIFT_ASSET_SYMBOL_EXTENSIONS = YES;
				CLANG_ANALYZER_NONNULL = YES;
				CLANG_ANALYZER_NUMBER_OBJECT_CONVERSION = YES_AGGRESSIVE;
				CLANG_CXX_LANGUAGE_STANDARD = "gnu++20";
				CLANG_ENABLE_MODULES = YES;
				CLANG_ENABLE_OBJC_ARC = YES;
				CLANG_ENABLE_OBJC_WEAK = YES;
				CLANG_WARN_BLOCK_CAPTURE_AUTORELEASING = YES;
				CLANG_WARN_BOOL_CONVERSION = YES;
				CLANG_WARN_COMMA = YES;
				CLANG_WARN_CONSTANT_CONVERSION = YES;
				CLANG_WARN_DEPRECATED_OBJC_IMPLEMENTATIONS = YES;
				CLANG_WARN_DIRECT_OBJC_ISA_USAGE = YES_ERROR;
				CLANG_WARN_DOCUMENTATION_COMMENTS = YES;
				CLANG_WARN_EMPTY_BODY = YES;
				CLANG_WARN_ENUM_CONVERSION = YES;
				CLANG_WARN_INFINITE_RECURSION = YES;
				CLANG_WARN_INT_CONVERSION = YES;
				CLANG_WARN_NON_LITERAL_NULL_CONVERSION = YES;
				CLANG_WARN_OBJC_IMPLICIT_RETAIN_SELF = YES;
				CLANG_WARN_OBJC_LITERAL_CONVERSION = YES;
				CLANG_WARN_OBJC_ROOT_CLASS = YES_ERROR;
				CLANG_WARN_QUOTED_INCLUDE_IN_FRAMEWORK_HEADER = YES;
				CLANG_WARN_RANGE_LOOP_ANALYSIS = YES;
				CLANG_WARN_STRICT_PROTOTYPES = YES;
				CLANG_WARN_SUSPICIOUS_MOVE = YES;
				CLANG_WARN_UNGUARDED_AVAILABILITY = YES_AGGRESSIVE;
				CLANG_WARN_UNREACHABLE_CODE = YES;
				CLANG_WARN__DUPLICATE_METHOD_MATCH = YES;
				COPY_PHASE_STRIP = NO;
				DEBUG_INFORMATION_FORMAT = dwarf;
				ENABLE_STRICT_OBJC_MSGSEND = YES;
				ENABLE_TESTABILITY = YES;
				ENABLE_USER_SCRIPT_SANDBOXING = YES;
				GCC_C_LANGUAGE_STANDARD = gnu17;
				GCC_DYNAMIC_NO_PIC = NO;
				GCC_NO_COMMON_BLOCKS = YES;
				GCC_OPTIMIZATION_LEVEL = 0;
				GCC_PREPROCESSOR_DEFINITIONS = (
					"DEBUG=1",
					"$(inherited)",
				);
				GCC_WARN_64_TO_32_BIT_CONVERSION = YES;
				GCC_WARN_ABOUT_RETURN_TYPE = YES_ERROR;
				GCC_WARN_UNDECLARED_SELECTOR = YES;
				GCC_WARN_UNINITIALIZED_AUTOS = YES_AGGRESSIVE;
				GCC_WARN_UNUSED_FUNCTION = YES;
				GCC_WARN_UNUSED_VARIABLE = YES;
				IPHONEOS_DEPLOYMENT_TARGET = 17.2;
				LOCALIZATION_PREFERS_STRING_CATALOGS = YES;
				MTL_ENABLE_DEBUG_INFO = INCLUDE_SOURCE;
				MTL_FAST_MATH = YES;
				ONLY_ACTIVE_ARCH = YES;
				SDKROOT = iphoneos;
				SWIFT_ACTIVE_COMPILATION_CONDITIONS = "DEBUG $(inherited)";
				SWIFT_OPTIMIZATION_LEVEL = "-Onone";
			};
			name = Debug;
		};
		77E2D1A92B857ECE00E996E4 /* Release */ = {
			isa = XCBuildConfiguration;
			buildSettings = {
				ALWAYS_SEARCH_USER_PATHS = NO;
				ASSETCATALOG_COMPILER_GENERATE_SWIFT_ASSET_SYMBOL_EXTENSIONS = YES;
				CLANG_ANALYZER_NONNULL = YES;
				CLANG_ANALYZER_NUMBER_OBJECT_CONVERSION = YES_AGGRESSIVE;
				CLANG_CXX_LANGUAGE_STANDARD = "gnu++20";
				CLANG_ENABLE_MODULES = YES;
				CLANG_ENABLE_OBJC_ARC = YES;
				CLANG_ENABLE_OBJC_WEAK = YES;
				CLANG_WARN_BLOCK_CAPTURE_AUTORELEASING = YES;
				CLANG_WARN_BOOL_CONVERSION = YES;
				CLANG_WARN_COMMA = YES;
				CLANG_WARN_CONSTANT_CONVERSION = YES;
				CLANG_WARN_DEPRECATED_OBJC_IMPLEMENTATIONS = YES;
				CLANG_WARN_DIRECT_OBJC_ISA_USAGE = YES_ERROR;
				CLANG_WARN_DOCUMENTATION_COMMENTS = YES;
				CLANG_WARN_EMPTY_BODY = YES;
				CLANG_WARN_ENUM_CONVERSION = YES;
				CLANG_WARN_INFINITE_RECURSION = YES;
				CLANG_WARN_INT_CONVERSION = YES;
				CLANG_WARN_NON_LITERAL_NULL_CONVERSION = YES;
				CLANG_WARN_OBJC_IMPLICIT_RETAIN_SELF = YES;
				CLANG_WARN_OBJC_LITERAL_CONVERSION = YES;
				CLANG_WARN_OBJC_ROOT_CLASS = YES_ERROR;
				CLANG_WARN_QUOTED_INCLUDE_IN_FRAMEWORK_HEADER = YES;
				CLANG_WARN_RANGE_LOOP_ANALYSIS = YES;
				CLANG_WARN_STRICT_PROTOTYPES = YES;
				CLANG_WARN_SUSPICIOUS_MOVE = YES;
				CLANG_WARN_UNGUARDED_AVAILABILITY = YES_AGGRESSIVE;
				CLANG_WARN_UNREACHABLE_CODE = YES;
				CLANG_WARN__DUPLICATE_METHOD_MATCH = YES;
				COPY_PHASE_STRIP = NO;
				DEBUG_INFORMATION_FORMAT = "dwarf-with-dsym";
				ENABLE_NS_ASSERTIONS = NO;
				ENABLE_STRICT_OBJC_MSGSEND = YES;
				ENABLE_USER_SCRIPT_SANDBOXING = YES;
				GCC_C_LANGUAGE_STANDARD = gnu17;
				GCC_NO_COMMON_BLOCKS = YES;
				GCC_WARN_64_TO_32_BIT_CONVERSION = YES;
				GCC_WARN_ABOUT_RETURN_TYPE = YES_ERROR;
				GCC_WARN_UNDECLARED_SELECTOR = YES;
				GCC_WARN_UNINITIALIZED_AUTOS = YES_AGGRESSIVE;
				GCC_WARN_UNUSED_FUNCTION = YES;
				GCC_WARN_UNUSED_VARIABLE = YES;
				IPHONEOS_DEPLOYMENT_TARGET = 17.2;
				LOCALIZATION_PREFERS_STRING_CATALOGS = YES;
				MTL_ENABLE_DEBUG_INFO = NO;
				MTL_FAST_MATH = YES;
				SDKROOT = iphoneos;
				SWIFT_COMPILATION_MODE = wholemodule;
				VALIDATE_PRODUCT = YES;
			};
			name = Release;
		};
		77E2D1AB2B857ECE00E996E4 /* Debug */ = {
			isa = XCBuildConfiguration;
			buildSettings = {
				ASSETCATALOG_COMPILER_APPICON_NAME = AppIcon;
				ASSETCATALOG_COMPILER_GLOBAL_ACCENT_COLOR_NAME = AccentColor;
				CODE_SIGN_STYLE = Automatic;
				CURRENT_PROJECT_VERSION = 1;
				DEVELOPMENT_ASSET_PATHS = "\"CineDex/Preview Content\"";
				DEVELOPMENT_TEAM = 82Z8897VP2;
				ENABLE_PREVIEWS = YES;
				GENERATE_INFOPLIST_FILE = YES;
				INFOPLIST_KEY_UIApplicationSceneManifest_Generation = YES;
				INFOPLIST_KEY_UIApplicationSupportsIndirectInputEvents = YES;
				INFOPLIST_KEY_UILaunchScreen_Generation = YES;
				INFOPLIST_KEY_UISupportedInterfaceOrientations_iPad = "UIInterfaceOrientationPortrait UIInterfaceOrientationPortraitUpsideDown UIInterfaceOrientationLandscapeLeft UIInterfaceOrientationLandscapeRight";
				INFOPLIST_KEY_UISupportedInterfaceOrientations_iPhone = "UIInterfaceOrientationPortrait UIInterfaceOrientationLandscapeLeft UIInterfaceOrientationLandscapeRight";
				LD_RUNPATH_SEARCH_PATHS = (
					"$(inherited)",
					"@executable_path/Frameworks",
				);
				MARKETING_VERSION = 1.0;
				PRODUCT_BUNDLE_IDENTIFIER = com.azv.CineDex;
				PRODUCT_NAME = "$(TARGET_NAME)";
				SWIFT_EMIT_LOC_STRINGS = YES;
				SWIFT_VERSION = 5.0;
				TARGETED_DEVICE_FAMILY = "1,2";
			};
			name = Debug;
		};
		77E2D1AC2B857ECE00E996E4 /* Release */ = {
			isa = XCBuildConfiguration;
			buildSettings = {
				ASSETCATALOG_COMPILER_APPICON_NAME = AppIcon;
				ASSETCATALOG_COMPILER_GLOBAL_ACCENT_COLOR_NAME = AccentColor;
				CODE_SIGN_STYLE = Automatic;
				CURRENT_PROJECT_VERSION = 1;
				DEVELOPMENT_ASSET_PATHS = "\"CineDex/Preview Content\"";
				DEVELOPMENT_TEAM = 82Z8897VP2;
				ENABLE_PREVIEWS = YES;
				GENERATE_INFOPLIST_FILE = YES;
				INFOPLIST_KEY_UIApplicationSceneManifest_Generation = YES;
				INFOPLIST_KEY_UIApplicationSupportsIndirectInputEvents = YES;
				INFOPLIST_KEY_UILaunchScreen_Generation = YES;
				INFOPLIST_KEY_UISupportedInterfaceOrientations_iPad = "UIInterfaceOrientationPortrait UIInterfaceOrientationPortraitUpsideDown UIInterfaceOrientationLandscapeLeft UIInterfaceOrientationLandscapeRight";
				INFOPLIST_KEY_UISupportedInterfaceOrientations_iPhone = "UIInterfaceOrientationPortrait UIInterfaceOrientationLandscapeLeft UIInterfaceOrientationLandscapeRight";
				LD_RUNPATH_SEARCH_PATHS = (
					"$(inherited)",
					"@executable_path/Frameworks",
				);
				MARKETING_VERSION = 1.0;
				PRODUCT_BUNDLE_IDENTIFIER = com.azv.CineDex;
				PRODUCT_NAME = "$(TARGET_NAME)";
				SWIFT_EMIT_LOC_STRINGS = YES;
				SWIFT_VERSION = 5.0;
				TARGETED_DEVICE_FAMILY = "1,2";
			};
			name = Release;
		};
		77E2D1AE2B857ECE00E996E4 /* Debug */ = {
			isa = XCBuildConfiguration;
			buildSettings = {
				ALWAYS_EMBED_SWIFT_STANDARD_LIBRARIES = YES;
				BUNDLE_LOADER = "$(TEST_HOST)";
				CODE_SIGN_STYLE = Automatic;
				CURRENT_PROJECT_VERSION = 1;
				DEVELOPMENT_TEAM = 82Z8897VP2;
				GENERATE_INFOPLIST_FILE = YES;
				IPHONEOS_DEPLOYMENT_TARGET = 17.2;
				MARKETING_VERSION = 1.0;
				PRODUCT_BUNDLE_IDENTIFIER = com.azv.CineDexTests;
				PRODUCT_NAME = "$(TARGET_NAME)";
				SWIFT_EMIT_LOC_STRINGS = NO;
				SWIFT_VERSION = 5.0;
				TARGETED_DEVICE_FAMILY = "1,2";
				TEST_HOST = "$(BUILT_PRODUCTS_DIR)/CineDex.app/$(BUNDLE_EXECUTABLE_FOLDER_PATH)/CineDex";
			};
			name = Debug;
		};
		77E2D1AF2B857ECE00E996E4 /* Release */ = {
			isa = XCBuildConfiguration;
			buildSettings = {
				ALWAYS_EMBED_SWIFT_STANDARD_LIBRARIES = YES;
				BUNDLE_LOADER = "$(TEST_HOST)";
				CODE_SIGN_STYLE = Automatic;
				CURRENT_PROJECT_VERSION = 1;
				DEVELOPMENT_TEAM = 82Z8897VP2;
				GENERATE_INFOPLIST_FILE = YES;
				IPHONEOS_DEPLOYMENT_TARGET = 17.2;
				MARKETING_VERSION = 1.0;
				PRODUCT_BUNDLE_IDENTIFIER = com.azv.CineDexTests;
				PRODUCT_NAME = "$(TARGET_NAME)";
				SWIFT_EMIT_LOC_STRINGS = NO;
				SWIFT_VERSION = 5.0;
				TARGETED_DEVICE_FAMILY = "1,2";
				TEST_HOST = "$(BUILT_PRODUCTS_DIR)/CineDex.app/$(BUNDLE_EXECUTABLE_FOLDER_PATH)/CineDex";
			};
			name = Release;
		};
		77E2D1B12B857ECE00E996E4 /* Debug */ = {
			isa = XCBuildConfiguration;
			buildSettings = {
				ALWAYS_EMBED_SWIFT_STANDARD_LIBRARIES = YES;
				CODE_SIGN_STYLE = Automatic;
				CURRENT_PROJECT_VERSION = 1;
				DEVELOPMENT_TEAM = 82Z8897VP2;
				GENERATE_INFOPLIST_FILE = YES;
				MARKETING_VERSION = 1.0;
				PRODUCT_BUNDLE_IDENTIFIER = com.azv.CineDexUITests;
				PRODUCT_NAME = "$(TARGET_NAME)";
				SWIFT_EMIT_LOC_STRINGS = NO;
				SWIFT_VERSION = 5.0;
				TARGETED_DEVICE_FAMILY = "1,2";
				TEST_TARGET_NAME = CineDex;
			};
			name = Debug;
		};
		77E2D1B22B857ECE00E996E4 /* Release */ = {
			isa = XCBuildConfiguration;
			buildSettings = {
				ALWAYS_EMBED_SWIFT_STANDARD_LIBRARIES = YES;
				CODE_SIGN_STYLE = Automatic;
				CURRENT_PROJECT_VERSION = 1;
				DEVELOPMENT_TEAM = 82Z8897VP2;
				GENERATE_INFOPLIST_FILE = YES;
				MARKETING_VERSION = 1.0;
				PRODUCT_BUNDLE_IDENTIFIER = com.azv.CineDexUITests;
				PRODUCT_NAME = "$(TARGET_NAME)";
				SWIFT_EMIT_LOC_STRINGS = NO;
				SWIFT_VERSION = 5.0;
				TARGETED_DEVICE_FAMILY = "1,2";
				TEST_TARGET_NAME = CineDex;
			};
			name = Release;
		};
/* End XCBuildConfiguration section */

/* Begin XCConfigurationList section */
		77E2D17C2B857ECA00E996E4 /* Build configuration list for PBXProject "CineDex" */ = {
			isa = XCConfigurationList;
			buildConfigurations = (
				77E2D1A82B857ECE00E996E4 /* Debug */,
				77E2D1A92B857ECE00E996E4 /* Release */,
			);
			defaultConfigurationIsVisible = 0;
			defaultConfigurationName = Release;
		};
		77E2D1AA2B857ECE00E996E4 /* Build configuration list for PBXNativeTarget "CineDex" */ = {
			isa = XCConfigurationList;
			buildConfigurations = (
				77E2D1AB2B857ECE00E996E4 /* Debug */,
				77E2D1AC2B857ECE00E996E4 /* Release */,
			);
			defaultConfigurationIsVisible = 0;
			defaultConfigurationName = Release;
		};
		77E2D1AD2B857ECE00E996E4 /* Build configuration list for PBXNativeTarget "CineDexTests" */ = {
			isa = XCConfigurationList;
			buildConfigurations = (
				77E2D1AE2B857ECE00E996E4 /* Debug */,
				77E2D1AF2B857ECE00E996E4 /* Release */,
			);
			defaultConfigurationIsVisible = 0;
			defaultConfigurationName = Release;
		};
		77E2D1B02B857ECE00E996E4 /* Build configuration list for PBXNativeTarget "CineDexUITests" */ = {
			isa = XCConfigurationList;
			buildConfigurations = (
				77E2D1B12B857ECE00E996E4 /* Debug */,
				77E2D1B22B857ECE00E996E4 /* Release */,
			);
			defaultConfigurationIsVisible = 0;
			defaultConfigurationName = Release;
		};
/* End XCConfigurationList section */

/* Begin XCRemoteSwiftPackageReference section */
		77E2D1B52B857F3100E996E4 /* XCRemoteSwiftPackageReference "Alamofire" */ = {
			isa = XCRemoteSwiftPackageReference;
			repositoryURL = "https://github.com/Alamofire/Alamofire";
			requirement = {
				kind = upToNextMajorVersion;
				minimumVersion = 5.8.1;
			};
		};
/* End XCRemoteSwiftPackageReference section */

/* Begin XCSwiftPackageProductDependency section */
		77E2D1B62B857F3100E996E4 /* Alamofire */ = {
			isa = XCSwiftPackageProductDependency;
			package = 77E2D1B52B857F3100E996E4 /* XCRemoteSwiftPackageReference "Alamofire" */;
			productName = Alamofire;
		};
/* End XCSwiftPackageProductDependency section */

/* Begin XCVersionGroup section */
		77E2D18F2B857ECD00E996E4 /* CineDex.xcdatamodeld */ = {
			isa = XCVersionGroup;
			children = (
				77E2D1902B857ECD00E996E4 /* CineDex.xcdatamodel */,
			);
			currentVersion = 77E2D1902B857ECD00E996E4 /* CineDex.xcdatamodel */;
			path = CineDex.xcdatamodeld;
			sourceTree = "<group>";
			versionGroupType = wrapper.xcdatamodel;
		};
/* End XCVersionGroup section */
	};
	rootObject = 77E2D1792B857ECA00E996E4 /* Project object */;
}
